
Microsoft Visual Studio Solution File, Format Version 11.00
# Visual Studio 2010
Project("{FAE04EC0-301F-11D3-BF4B-00C04F79EFBC}") = "UProject_Game2D", "Assembly-CSharp-firstpass.csproj", "{4E9BFC23-F306-DEEA-ADA2-99FCBDFB7A1E}"
EndProject
Project("{FAE04EC0-301F-11D3-BF4B-00C04F79EFBC}") = "UProject_Game2D", "Assembly-CSharp.csproj", "{1334EABC-F05F-DF1C-271B-629A594149F9}"
EndProject
Project("{FAE04EC0-301F-11D3-BF4B-00C04F79EFBC}") = "UProject_Game2D", "Assembly-CSharp-Editor-firstpass.csproj", "{F35D6975-FE21-93DE-935D-4EB45592444E}"
EndProject
Global
	GlobalSection(SolutionConfigurationPlatforms) = preSolution
		Debug|Any CPU = Debug|Any CPU
		Release|Any CPU = Release|Any CPU
	EndGlobalSection
	GlobalSection(ProjectConfigurationPlatforms) = postSolution
		{4E9BFC23-F306-DEEA-ADA2-99FCBDFB7A1E}.Debug|Any CPU.ActiveCfg = Debug|Any CPU
		{4E9BFC23-F306-DEEA-ADA2-99FCBDFB7A1E}.Debug|Any CPU.Build.0 = Debug|Any CPU
		{4E9BFC23-F306-DEEA-ADA2-99FCBDFB7A1E}.Release|Any CPU.ActiveCfg = Release|Any CPU
		{4E9BFC23-F306-DEEA-ADA2-99FCBDFB7A1E}.Release|Any CPU.Build.0 = Release|Any CPU
		{1334EABC-F05F-DF1C-271B-629A594149F9}.Debug|Any CPU.ActiveCfg = Debug|Any CPU
		{1334EABC-F05F-DF1C-271B-629A594149F9}.Debug|Any CPU.Build.0 = Debug|Any CPU
		{1334EABC-F05F-DF1C-271B-629A594149F9}.Release|Any CPU.ActiveCfg = Release|Any CPU
		{1334EABC-F05F-DF1C-271B-629A594149F9}.Release|Any CPU.Build.0 = Release|Any CPU
		{F35D6975-FE21-93DE-935D-4EB45592444E}.Debug|Any CPU.ActiveCfg = Debug|Any CPU
		{F35D6975-FE21-93DE-935D-4EB45592444E}.Debug|Any CPU.Build.0 = Debug|Any CPU
		{F35D6975-FE21-93DE-935D-4EB45592444E}.Release|Any CPU.ActiveCfg = Release|Any CPU
		{F35D6975-FE21-93DE-935D-4EB45592444E}.Release|Any CPU.Build.0 = Release|Any CPU
	EndGlobalSection
	GlobalSection(SolutionProperties) = preSolution
		HideSolutionNode = FALSE
	EndGlobalSection
	GlobalSection(MonoDevelopProperties) = preSolution
		StartupItem = Assembly-CSharp.csproj
	EndGlobalSection
EndGlobal
